// !$*UTF8*$!
{
	archiveVersion = 1;
	classes = {
	};
	objectVersion = 56;
	objects = {

/* Begin PBXBuildFile section */
		3CBAC2392BFB779F0073944E /* AppDelegate.swift in Sources */ = {isa = PBXBuildFile; fileRef = 3CBAC2382BFB779F0073944E /* AppDelegate.swift */; };
		3CBAC23B2BFB779F0073944E /* SceneDelegate.swift in Sources */ = {isa = PBXBuildFile; fileRef = 3CBAC23A2BFB779F0073944E /* SceneDelegate.swift */; };
		3CBAC23D2BFB779F0073944E /* ViewController.swift in Sources */ = {isa = PBXBuildFile; fileRef = 3CBAC23C2BFB779F0073944E /* ViewController.swift */; };
		3CBAC2402BFB779F0073944E /* Main.storyboard in Resources */ = {isa = PBXBuildFile; fileRef = 3CBAC23E2BFB779F0073944E /* Main.storyboard */; };
		3CBAC2422BFB77A00073944E /* Assets.xcassets in Resources */ = {isa = PBXBuildFile; fileRef = 3CBAC2412BFB77A00073944E /* Assets.xcassets */; };
		3CBAC2452BFB77A00073944E /* LaunchScreen.storyboard in Resources */ = {isa = PBXBuildFile; fileRef = 3CBAC2432BFB77A00073944E /* LaunchScreen.storyboard */; };
		3CBAC2502BFB77A00073944E /* PageViewControllerTests.swift in Sources */ = {isa = PBXBuildFile; fileRef = 3CBAC24F2BFB77A00073944E /* PageViewControllerTests.swift */; };
		3CBAC25A2BFB77A00073944E /* PageViewControllerUITests.swift in Sources */ = {isa = PBXBuildFile; fileRef = 3CBAC2592BFB77A00073944E /* PageViewControllerUITests.swift */; };
		3CBAC25C2BFB77A00073944E /* PageViewControllerUITestsLaunchTests.swift in Sources */ = {isa = PBXBuildFile; fileRef = 3CBAC25B2BFB77A00073944E /* PageViewControllerUITestsLaunchTests.swift */; };
/* End PBXBuildFile section */

/* Begin PBXContainerItemProxy section */
		3CBAC24C2BFB77A00073944E /* PBXContainerItemProxy */ = {
			isa = PBXContainerItemProxy;
			containerPortal = 3CBAC22D2BFB779F0073944E /* Project object */;
			proxyType = 1;
			remoteGlobalIDString = 3CBAC2342BFB779F0073944E;
			remoteInfo = PageViewController;
		};
		3CBAC2562BFB77A00073944E /* PBXContainerItemProxy */ = {
			isa = PBXContainerItemProxy;
			containerPortal = 3CBAC22D2BFB779F0073944E /* Project object */;
			proxyType = 1;
			remoteGlobalIDString = 3CBAC2342BFB779F0073944E;
			remoteInfo = PageViewController;
		};
/* End PBXContainerItemProxy section */

/* Begin PBXFileReference section */
		3CBAC2352BFB779F0073944E /* PageViewController.app */ = {isa = PBXFileReference; explicitFileType = wrapper.application; includeInIndex = 0; path = PageViewController.app; sourceTree = BUILT_PRODUCTS_DIR; };
		3CBAC2382BFB779F0073944E /* AppDelegate.swift */ = {isa = PBXFileReference; lastKnownFileType = sourcecode.swift; path = AppDelegate.swift; sourceTree = "<group>"; };
		3CBAC23A2BFB779F0073944E /* SceneDelegate.swift */ = {isa = PBXFileReference; lastKnownFileType = sourcecode.swift; path = SceneDelegate.swift; sourceTree = "<group>"; };
		3CBAC23C2BFB779F0073944E /* ViewController.swift */ = {isa = PBXFileReference; lastKnownFileType = sourcecode.swift; path = ViewController.swift; sourceTree = "<group>"; };
		3CBAC23F2BFB779F0073944E /* Base */ = {isa = PBXFileReference; lastKnownFileType = file.storyboard; name = Base; path = Base.lproj/Main.storyboard; sourceTree = "<group>"; };
		3CBAC2412BFB77A00073944E /* Assets.xcassets */ = {isa = PBXFileReference; lastKnownFileType = folder.assetcatalog; path = Assets.xcassets; sourceTree = "<group>"; };
		3CBAC2442BFB77A00073944E /* Base */ = {isa = PBXFileReference; lastKnownFileType = file.storyboard; name = Base; path = Base.lproj/LaunchScreen.storyboard; sourceTree = "<group>"; };
		3CBAC2462BFB77A00073944E /* Info.plist */ = {isa = PBXFileReference; lastKnownFileType = text.plist.xml; path = Info.plist; sourceTree = "<group>"; };
		3CBAC24B2BFB77A00073944E /* PageViewControllerTests.xctest */ = {isa = PBXFileReference; explicitFileType = wrapper.cfbundle; includeInIndex = 0; path = PageViewControllerTests.xctest; sourceTree = BUILT_PRODUCTS_DIR; };
		3CBAC24F2BFB77A00073944E /* PageViewControllerTests.swift */ = {isa = PBXFileReference; lastKnownFileType = sourcecode.swift; path = PageViewControllerTests.swift; sourceTree = "<group>"; };
		3CBAC2552BFB77A00073944E /* PageViewControllerUITests.xctest */ = {isa = PBXFileReference; explicitFileType = wrapper.cfbundle; includeInIndex = 0; path = PageViewControllerUITests.xctest; sourceTree = BUILT_PRODUCTS_DIR; };
		3CBAC2592BFB77A00073944E /* PageViewControllerUITests.swift */ = {isa = PBXFileReference; lastKnownFileType = sourcecode.swift; path = PageViewControllerUITests.swift; sourceTree = "<group>"; };
		3CBAC25B2BFB77A00073944E /* PageViewControllerUITestsLaunchTests.swift */ = {isa = PBXFileReference; lastKnownFileType = sourcecode.swift; path = PageViewControllerUITestsLaunchTests.swift; sourceTree = "<group>"; };
/* End PBXFileReference section */

/* Begin PBXFrameworksBuildPhase section */
		3CBAC2322BFB779F0073944E /* Frameworks */ = {
			isa = PBXFrameworksBuildPhase;
			buildActionMask = 2147483647;
			files = (
			);
			runOnlyForDeploymentPostprocessing = 0;
		};
		3CBAC2482BFB77A00073944E /* Frameworks */ = {
			isa = PBXFrameworksBuildPhase;
			buildActionMask = 2147483647;
			files = (
			);
			runOnlyForDeploymentPostprocessing = 0;
		};
		3CBAC2522BFB77A00073944E /* Frameworks */ = {
			isa = PBXFrameworksBuildPhase;
			buildActionMask = 2147483647;
			files = (
			);
			runOnlyForDeploymentPostprocessing = 0;
		};
/* End PBXFrameworksBuildPhase section */

/* Begin PBXGroup section */
		3CBAC22C2BFB779F0073944E = {
			isa = PBXGroup;
			children = (
				3CBAC2372BFB779F0073944E /* PageViewController */,
				3CBAC24E2BFB77A00073944E /* PageViewControllerTests */,
				3CBAC2582BFB77A00073944E /* PageViewControllerUITests */,
				3CBAC2362BFB779F0073944E /* Products */,
			);
			sourceTree = "<group>";
		};
		3CBAC2362BFB779F0073944E /* Products */ = {
			isa = PBXGroup;
			children = (
				3CBAC2352BFB779F0073944E /* PageViewController.app */,
				3CBAC24B2BFB77A00073944E /* PageViewControllerTests.xctest */,
				3CBAC2552BFB77A00073944E /* PageViewControllerUITests.xctest */,
			);
			name = Products;
			sourceTree = "<group>";
		};
		3CBAC2372BFB779F0073944E /* PageViewController */ = {
			isa = PBXGroup;
			children = (
				3CBAC2382BFB779F0073944E /* AppDelegate.swift */,
				3CBAC23A2BFB779F0073944E /* SceneDelegate.swift */,
				3CBAC23C2BFB779F0073944E /* ViewController.swift */,
				3CBAC23E2BFB779F0073944E /* Main.storyboard */,
				3CBAC2412BFB77A00073944E /* Assets.xcassets */,
				3CBAC2432BFB77A00073944E /* LaunchScreen.storyboard */,
				3CBAC2462BFB77A00073944E /* Info.plist */,
			);
			path = PageViewController;
			sourceTree = "<group>";
		};
		3CBAC24E2BFB77A00073944E /* PageViewControllerTests */ = {
			isa = PBXGroup;
			children = (
				3CBAC24F2BFB77A00073944E /* PageViewControllerTests.swift */,
			);
			path = PageViewControllerTests;
			sourceTree = "<group>";
		};
		3CBAC2582BFB77A00073944E /* PageViewControllerUITests */ = {
			isa = PBXGroup;
			children = (
				3CBAC2592BFB77A00073944E /* PageViewControllerUITests.swift */,
				3CBAC25B2BFB77A00073944E /* PageViewControllerUITestsLaunchTests.swift */,
			);
			path = PageViewControllerUITests;
			sourceTree = "<group>";
		};
/* End PBXGroup section */

/* Begin PBXNativeTarget section */
		3CBAC2342BFB779F0073944E /* PageViewController */ = {
			isa = PBXNativeTarget;
			buildConfigurationList = 3CBAC25F2BFB77A00073944E /* Build configuration list for PBXNativeTarget "PageViewController" */;
			buildPhases = (
				3CBAC2312BFB779F0073944E /* Sources */,
				3CBAC2322BFB779F0073944E /* Frameworks */,
				3CBAC2332BFB779F0073944E /* Resources */,
			);
			buildRules = (
			);
			dependencies = (
			);
			name = PageViewController;
			productName = PageViewController;
			productReference = 3CBAC2352BFB779F0073944E /* PageViewController.app */;
			productType = "com.apple.product-type.application";
		};
		3CBAC24A2BFB77A00073944E /* PageViewControllerTests */ = {
			isa = PBXNativeTarget;
			buildConfigurationList = 3CBAC2622BFB77A00073944E /* Build configuration list for PBXNativeTarget "PageViewControllerTests" */;
			buildPhases = (
				3CBAC2472BFB77A00073944E /* Sources */,
				3CBAC2482BFB77A00073944E /* Frameworks */,
				3CBAC2492BFB77A00073944E /* Resources */,
			);
			buildRules = (
			);
			dependencies = (
				3CBAC24D2BFB77A00073944E /* PBXTargetDependency */,
			);
			name = PageViewControllerTests;
			productName = PageViewControllerTests;
			productReference = 3CBAC24B2BFB77A00073944E /* PageViewControllerTests.xctest */;
			productType = "com.apple.product-type.bundle.unit-test";
		};
		3CBAC2542BFB77A00073944E /* PageViewControllerUITests */ = {
			isa = PBXNativeTarget;
			buildConfigurationList = 3CBAC2652BFB77A00073944E /* Build configuration list for PBXNativeTarget "PageViewControllerUITests" */;
			buildPhases = (
				3CBAC2512BFB77A00073944E /* Sources */,
				3CBAC2522BFB77A00073944E /* Frameworks */,
				3CBAC2532BFB77A00073944E /* Resources */,
			);
			buildRules = (
			);
			dependencies = (
				3CBAC2572BFB77A00073944E /* PBXTargetDependency */,
			);
			name = PageViewControllerUITests;
			productName = PageViewControllerUITests;
			productReference = 3CBAC2552BFB77A00073944E /* PageViewControllerUITests.xctest */;
			productType = "com.apple.product-type.bundle.ui-testing";
		};
/* End PBXNativeTarget section */

/* Begin PBXProject section */
		3CBAC22D2BFB779F0073944E /* Project object */ = {
			isa = PBXProject;
			attributes = {
				BuildIndependentTargetsInParallel = 1;
				LastSwiftUpdateCheck = 1520;
				LastUpgradeCheck = 1520;
				TargetAttributes = {
					3CBAC2342BFB779F0073944E = {
						CreatedOnToolsVersion = 15.2;
					};
					3CBAC24A2BFB77A00073944E = {
						CreatedOnToolsVersion = 15.2;
						TestTargetID = 3CBAC2342BFB779F0073944E;
					};
					3CBAC2542BFB77A00073944E = {
						CreatedOnToolsVersion = 15.2;
						TestTargetID = 3CBAC2342BFB779F0073944E;
					};
				};
			};
			buildConfigurationList = 3CBAC2302BFB779F0073944E /* Build configuration list for PBXProject "PageViewController" */;
			compatibilityVersion = "Xcode 14.0";
			developmentRegion = en;
			hasScannedForEncodings = 0;
			knownRegions = (
				en,
				Base,
			);
			mainGroup = 3CBAC22C2BFB779F0073944E;
			productRefGroup = 3CBAC2362BFB779F0073944E /* Products */;
			projectDirPath = "";
			projectRoot = "";
			targets = (
				3CBAC2342BFB779F0073944E /* PageViewController */,
				3CBAC24A2BFB77A00073944E /* PageViewControllerTests */,
				3CBAC2542BFB77A00073944E /* PageViewControllerUITests */,
			);
		};
/* End PBXProject section */

/* Begin PBXResourcesBuildPhase section */
		3CBAC2332BFB779F0073944E /* Resources */ = {
			isa = PBXResourcesBuildPhase;
			buildActionMask = 2147483647;
			files = (
				3CBAC2452BFB77A00073944E /* LaunchScreen.storyboard in Resources */,
				3CBAC2422BFB77A00073944E /* Assets.xcassets in Resources */,
				3CBAC2402BFB779F0073944E /* Main.storyboard in Resources */,
			);
			runOnlyForDeploymentPostprocessing = 0;
		};
		3CBAC2492BFB77A00073944E /* Resources */ = {
			isa = PBXResourcesBuildPhase;
			buildActionMask = 2147483647;
			files = (
			);
			runOnlyForDeploymentPostprocessing = 0;
		};
		3CBAC2532BFB77A00073944E /* Resources */ = {
			isa = PBXResourcesBuildPhase;
			buildActionMask = 2147483647;
			files = (
			);
			runOnlyForDeploymentPostprocessing = 0;
		};
/* End PBXResourcesBuildPhase section */

/* Begin PBXSourcesBuildPhase section */
		3CBAC2312BFB779F0073944E /* Sources */ = {
			isa = PBXSourcesBuildPhase;
			buildActionMask = 2147483647;
			files = (
				3CBAC23D2BFB779F0073944E /* ViewController.swift in Sources */,
				3CBAC2392BFB779F0073944E /* AppDelegate.swift in Sources */,
				3CBAC23B2BFB779F0073944E /* SceneDelegate.swift in Sources */,
			);
			runOnlyForDeploymentPostprocessing = 0;
		};
		3CBAC2472BFB77A00073944E /* Sources */ = {
			isa = PBXSourcesBuildPhase;
			buildActionMask = 2147483647;
			files = (
				3CBAC2502BFB77A00073944E /* PageViewControllerTests.swift in Sources */,
			);
			runOnlyForDeploymentPostprocessing = 0;
		};
		3CBAC2512BFB77A00073944E /* Sources */ = {
			isa = PBXSourcesBuildPhase;
			buildActionMask = 2147483647;
			files = (
				3CBAC25C2BFB77A00073944E /* PageViewControllerUITestsLaunchTests.swift in Sources */,
				3CBAC25A2BFB77A00073944E /* PageViewControllerUITests.swift in Sources */,
			);
			runOnlyForDeploymentPostprocessing = 0;
		};
/* End PBXSourcesBuildPhase section */

/* Begin PBXTargetDependency section */
		3CBAC24D2BFB77A00073944E /* PBXTargetDependency */ = {
			isa = PBXTargetDependency;
			target = 3CBAC2342BFB779F0073944E /* PageViewController */;
			targetProxy = 3CBAC24C2BFB77A00073944E /* PBXContainerItemProxy */;
		};
		3CBAC2572BFB77A00073944E /* PBXTargetDependency */ = {
			isa = PBXTargetDependency;
			target = 3CBAC2342BFB779F0073944E /* PageViewController */;
			targetProxy = 3CBAC2562BFB77A00073944E /* PBXContainerItemProxy */;
		};
/* End PBXTargetDependency section */

/* Begin PBXVariantGroup section */
		3CBAC23E2BFB779F0073944E /* Main.storyboard */ = {
			isa = PBXVariantGroup;
			children = (
				3CBAC23F2BFB779F0073944E /* Base */,
			);
			name = Main.storyboard;
			sourceTree = "<group>";
		};
		3CBAC2432BFB77A00073944E /* LaunchScreen.storyboard */ = {
			isa = PBXVariantGroup;
			children = (
				3CBAC2442BFB77A00073944E /* Base */,
			);
			name = LaunchScreen.storyboard;
			sourceTree = "<group>";
		};
/* End PBXVariantGroup section */

/* Begin XCBuildConfiguration section */
		3CBAC25D2BFB77A00073944E /* Debug */ = {
			isa = XCBuildConfiguration;
			buildSettings = {
				ALWAYS_SEARCH_USER_PATHS = NO;
				ASSETCATALOG_COMPILER_GENERATE_SWIFT_ASSET_SYMBOL_EXTENSIONS = YES;
				CLANG_ANALYZER_NONNULL = YES;
				CLANG_ANALYZER_NUMBER_OBJECT_CONVERSION = YES_AGGRESSIVE;
				CLANG_CXX_LANGUAGE_STANDARD = "gnu++20";
				CLANG_ENABLE_MODULES = YES;
				CLANG_ENABLE_OBJC_ARC = YES;
				CLANG_ENABLE_OBJC_WEAK = YES;
				CLANG_WARN_BLOCK_CAPTURE_AUTORELEASING = YES;
				CLANG_WARN_BOOL_CONVERSION = YES;
				CLANG_WARN_COMMA = YES;
				CLANG_WARN_CONSTANT_CONVERSION = YES;
				CLANG_WARN_DEPRECATED_OBJC_IMPLEMENTATIONS = YES;
				CLANG_WARN_DIRECT_OBJC_ISA_USAGE = YES_ERROR;
				CLANG_WARN_DOCUMENTATION_COMMENTS = YES;
				CLANG_WARN_EMPTY_BODY = YES;
				CLANG_WARN_ENUM_CONVERSION = YES;
				CLANG_WARN_INFINITE_RECURSION = YES;
				CLANG_WARN_INT_CONVERSION = YES;
				CLANG_WARN_NON_LITERAL_NULL_CONVERSION = YES;
				CLANG_WARN_OBJC_IMPLICIT_RETAIN_SELF = YES;
				CLANG_WARN_OBJC_LITERAL_CONVERSION = YES;
				CLANG_WARN_OBJC_ROOT_CLASS = YES_ERROR;
				CLANG_WARN_QUOTED_INCLUDE_IN_FRAMEWORK_HEADER = YES;
				CLANG_WARN_RANGE_LOOP_ANALYSIS = YES;
				CLANG_WARN_STRICT_PROTOTYPES = YES;
				CLANG_WARN_SUSPICIOUS_MOVE = YES;
				CLANG_WARN_UNGUARDED_AVAILABILITY = YES_AGGRESSIVE;
				CLANG_WARN_UNREACHABLE_CODE = YES;
				CLANG_WARN__DUPLICATE_METHOD_MATCH = YES;
				COPY_PHASE_STRIP = NO;
				DEBUG_INFORMATION_FORMAT = dwarf;
				ENABLE_STRICT_OBJC_MSGSEND = YES;
				ENABLE_TESTABILITY = YES;
				ENABLE_USER_SCRIPT_SANDBOXING = YES;
				GCC_C_LANGUAGE_STANDARD = gnu17;
				GCC_DYNAMIC_NO_PIC = NO;
				GCC_NO_COMMON_BLOCKS = YES;
				GCC_OPTIMIZATION_LEVEL = 0;
				GCC_PREPROCESSOR_DEFINITIONS = (
					"DEBUG=1",
					"$(inherited)",
				);
				GCC_WARN_64_TO_32_BIT_CONVERSION = YES;
				GCC_WARN_ABOUT_RETURN_TYPE = YES_ERROR;
				GCC_WARN_UNDECLARED_SELECTOR = YES;
				GCC_WARN_UNINITIALIZED_AUTOS = YES_AGGRESSIVE;
				GCC_WARN_UNUSED_FUNCTION = YES;
				GCC_WARN_UNUSED_VARIABLE = YES;
				IPHONEOS_DEPLOYMENT_TARGET = 17.2;
				LOCALIZATION_PREFERS_STRING_CATALOGS = YES;
				MTL_ENABLE_DEBUG_INFO = INCLUDE_SOURCE;
				MTL_FAST_MATH = YES;
				ONLY_ACTIVE_ARCH = YES;
				SDKROOT = iphoneos;
				SWIFT_ACTIVE_COMPILATION_CONDITIONS = "DEBUG $(inherited)";
				SWIFT_OPTIMIZATION_LEVEL = "-Onone";
			};
			name = Debug;
		};
		3CBAC25E2BFB77A00073944E /* Release */ = {
			isa = XCBuildConfiguration;
			buildSettings = {
				ALWAYS_SEARCH_USER_PATHS = NO;
				ASSETCATALOG_COMPILER_GENERATE_SWIFT_ASSET_SYMBOL_EXTENSIONS = YES;
				CLANG_ANALYZER_NONNULL = YES;
				CLANG_ANALYZER_NUMBER_OBJECT_CONVERSION = YES_AGGRESSIVE;
				CLANG_CXX_LANGUAGE_STANDARD = "gnu++20";
				CLANG_ENABLE_MODULES = YES;
				CLANG_ENABLE_OBJC_ARC = YES;
				CLANG_ENABLE_OBJC_WEAK = YES;
				CLANG_WARN_BLOCK_CAPTURE_AUTORELEASING = YES;
				CLANG_WARN_BOOL_CONVERSION = YES;
				CLANG_WARN_COMMA = YES;
				CLANG_WARN_CONSTANT_CONVERSION = YES;
				CLANG_WARN_DEPRECATED_OBJC_IMPLEMENTATIONS = YES;
				CLANG_WARN_DIRECT_OBJC_ISA_USAGE = YES_ERROR;
				CLANG_WARN_DOCUMENTATION_COMMENTS = YES;
				CLANG_WARN_EMPTY_BODY = YES;
				CLANG_WARN_ENUM_CONVERSION = YES;
				CLANG_WARN_INFINITE_RECURSION = YES;
				CLANG_WARN_INT_CONVERSION = YES;
				CLANG_WARN_NON_LITERAL_NULL_CONVERSION = YES;
				CLANG_WARN_OBJC_IMPLICIT_RETAIN_SELF = YES;
				CLANG_WARN_OBJC_LITERAL_CONVERSION = YES;
				CLANG_WARN_OBJC_ROOT_CLASS = YES_ERROR;
				CLANG_WARN_QUOTED_INCLUDE_IN_FRAMEWORK_HEADER = YES;
				CLANG_WARN_RANGE_LOOP_ANALYSIS = YES;
				CLANG_WARN_STRICT_PROTOTYPES = YES;
				CLANG_WARN_SUSPICIOUS_MOVE = YES;
				CLANG_WARN_UNGUARDED_AVAILABILITY = YES_AGGRESSIVE;
				CLANG_WARN_UNREACHABLE_CODE = YES;
				CLANG_WARN__DUPLICATE_METHOD_MATCH = YES;
				COPY_PHASE_STRIP = NO;
				DEBUG_INFORMATION_FORMAT = "dwarf-with-dsym";
				ENABLE_NS_ASSERTIONS = NO;
				ENABLE_STRICT_OBJC_MSGSEND = YES;
				ENABLE_USER_SCRIPT_SANDBOXING = YES;
				GCC_C_LANGUAGE_STANDARD = gnu17;
				GCC_NO_COMMON_BLOCKS = YES;
				GCC_WARN_64_TO_32_BIT_CONVERSION = YES;
				GCC_WARN_ABOUT_RETURN_TYPE = YES_ERROR;
				GCC_WARN_UNDECLARED_SELECTOR = YES;
				GCC_WARN_UNINITIALIZED_AUTOS = YES_AGGRESSIVE;
				GCC_WARN_UNUSED_FUNCTION = YES;
				GCC_WARN_UNUSED_VARIABLE = YES;
				IPHONEOS_DEPLOYMENT_TARGET = 17.2;
				LOCALIZATION_PREFERS_STRING_CATALOGS = YES;
				MTL_ENABLE_DEBUG_INFO = NO;
				MTL_FAST_MATH = YES;
				SDKROOT = iphoneos;
				SWIFT_COMPILATION_MODE = wholemodule;
				VALIDATE_PRODUCT = YES;
			};
			name = Release;
		};
		3CBAC2602BFB77A00073944E /* Debug */ = {
			isa = XCBuildConfiguration;
			buildSettings = {
				ASSETCATALOG_COMPILER_APPICON_NAME = AppIcon;
				ASSETCATALOG_COMPILER_GLOBAL_ACCENT_COLOR_NAME = AccentColor;
				CODE_SIGN_STYLE = Automatic;
				CURRENT_PROJECT_VERSION = 1;
				DEVELOPMENT_TEAM = 5BR9PKVDZT;
				GENERATE_INFOPLIST_FILE = YES;
				INFOPLIST_FILE = PageViewController/Info.plist;
				INFOPLIST_KEY_UIApplicationSupportsIndirectInputEvents = YES;
				INFOPLIST_KEY_UILaunchStoryboardName = LaunchScreen;
				INFOPLIST_KEY_UIMainStoryboardFile = Main;
				INFOPLIST_KEY_UISupportedInterfaceOrientations_iPad = "UIInterfaceOrientationPortrait UIInterfaceOrientationPortraitUpsideDown UIInterfaceOrientationLandscapeLeft UIInterfaceOrientationLandscapeRight";
				INFOPLIST_KEY_UISupportedInterfaceOrientations_iPhone = "UIInterfaceOrientationPortrait UIInterfaceOrientationLandscapeLeft UIInterfaceOrientationLandscapeRight";
				LD_RUNPATH_SEARCH_PATHS = (
					"$(inherited)",
					"@executable_path/Frameworks",
				);
				MARKETING_VERSION = 1.0;
				PRODUCT_BUNDLE_IDENTIFIER = okue.PageViewController;
				PRODUCT_NAME = "$(TARGET_NAME)";
				SWIFT_EMIT_LOC_STRINGS = YES;
				SWIFT_VERSION = 5.0;
				TARGETED_DEVICE_FAMILY = "1,2";
			};
			name = Debug;
		};
		3CBAC2612BFB77A00073944E /* Release */ = {
			isa = XCBuildConfiguration;
			buildSettings = {
				ASSETCATALOG_COMPILER_APPICON_NAME = AppIcon;
				ASSETCATALOG_COMPILER_GLOBAL_ACCENT_COLOR_NAME = AccentColor;
				CODE_SIGN_STYLE = Automatic;
				CURRENT_PROJECT_VERSION = 1;
				DEVELOPMENT_TEAM = 5BR9PKVDZT;
				GENERATE_INFOPLIST_FILE = YES;
				INFOPLIST_FILE = PageViewController/Info.plist;
				INFOPLIST_KEY_UIApplicationSupportsIndirectInputEvents = YES;
				INFOPLIST_KEY_UILaunchStoryboardName = LaunchScreen;
				INFOPLIST_KEY_UIMainStoryboardFile = Main;
				INFOPLIST_KEY_UISupportedInterfaceOrientations_iPad = "UIInterfaceOrientationPortrait UIInterfaceOrientationPortraitUpsideDown UIInterfaceOrientationLandscapeLeft UIInterfaceOrientationLandscapeRight";
				INFOPLIST_KEY_UISupportedInterfaceOrientations_iPhone = "UIInterfaceOrientationPortrait UIInterfaceOrientationLandscapeLeft UIInterfaceOrientationLandscapeRight";
				LD_RUNPATH_SEARCH_PATHS = (
					"$(inherited)",
					"@executable_path/Frameworks",
				);
				MARKETING_VERSION = 1.0;
				PRODUCT_BUNDLE_IDENTIFIER = okue.PageViewController;
				PRODUCT_NAME = "$(TARGET_NAME)";
				SWIFT_EMIT_LOC_STRINGS = YES;
				SWIFT_VERSION = 5.0;
				TARGETED_DEVICE_FAMILY = "1,2";
			};
			name = Release;
		};
		3CBAC2632BFB77A00073944E /* Debug */ = {
			isa = XCBuildConfiguration;
			buildSettings = {
				ALWAYS_EMBED_SWIFT_STANDARD_LIBRARIES = YES;
				BUNDLE_LOADER = "$(TEST_HOST)";
				CODE_SIGN_STYLE = Automatic;
				CURRENT_PROJECT_VERSION = 1;
				DEVELOPMENT_TEAM = 5BR9PKVDZT;
				GENERATE_INFOPLIST_FILE = YES;
				IPHONEOS_DEPLOYMENT_TARGET = 17.2;
				MARKETING_VERSION = 1.0;
				PRODUCT_BUNDLE_IDENTIFIER = okue.PageViewControllerTests;
				PRODUCT_NAME = "$(TARGET_NAME)";
				SWIFT_EMIT_LOC_STRINGS = NO;
				SWIFT_VERSION = 5.0;
				TARGETED_DEVICE_FAMILY = "1,2";
				TEST_HOST = "$(BUILT_PRODUCTS_DIR)/PageViewController.app/$(BUNDLE_EXECUTABLE_FOLDER_PATH)/PageViewController";
			};
			name = Debug;
		};
		3CBAC2642BFB77A00073944E /* Release */ = {
			isa = XCBuildConfiguration;
			buildSettings = {
				ALWAYS_EMBED_SWIFT_STANDARD_LIBRARIES = YES;
				BUNDLE_LOADER = "$(TEST_HOST)";
				CODE_SIGN_STYLE = Automatic;
				CURRENT_PROJECT_VERSION = 1;
				DEVELOPMENT_TEAM = 5BR9PKVDZT;
				GENERATE_INFOPLIST_FILE = YES;
				IPHONEOS_DEPLOYMENT_TARGET = 17.2;
				MARKETING_VERSION = 1.0;
				PRODUCT_BUNDLE_IDENTIFIER = okue.PageViewControllerTests;
				PRODUCT_NAME = "$(TARGET_NAME)";
				SWIFT_EMIT_LOC_STRINGS = NO;
				SWIFT_VERSION = 5.0;
				TARGETED_DEVICE_FAMILY = "1,2";
				TEST_HOST = "$(BUILT_PRODUCTS_DIR)/PageViewController.app/$(BUNDLE_EXECUTABLE_FOLDER_PATH)/PageViewController";
			};
			name = Release;
		};
		3CBAC2662BFB77A00073944E /* Debug */ = {
			isa = XCBuildConfiguration;
			buildSettings = {
				ALWAYS_EMBED_SWIFT_STANDARD_LIBRARIES = YES;
				CODE_SIGN_STYLE = Automatic;
				CURRENT_PROJECT_VERSION = 1;
				DEVELOPMENT_TEAM = 5BR9PKVDZT;
				GENERATE_INFOPLIST_FILE = YES;
				MARKETING_VERSION = 1.0;
				PRODUCT_BUNDLE_IDENTIFIER = okue.PageViewControllerUITests;
				PRODUCT_NAME = "$(TARGET_NAME)";
				SWIFT_EMIT_LOC_STRINGS = NO;
				SWIFT_VERSION = 5.0;
				TARGETED_DEVICE_FAMILY = "1,2";
				TEST_TARGET_NAME = PageViewController;
			};
			name = Debug;
		};
		3CBAC2672BFB77A00073944E /* Release */ = {
			isa = XCBuildConfiguration;
			buildSettings = {
				ALWAYS_EMBED_SWIFT_STANDARD_LIBRARIES = YES;
				CODE_SIGN_STYLE = Automatic;
				CURRENT_PROJECT_VERSION = 1;
				DEVELOPMENT_TEAM = 5BR9PKVDZT;
				GENERATE_INFOPLIST_FILE = YES;
				MARKETING_VERSION = 1.0;
				PRODUCT_BUNDLE_IDENTIFIER = okue.PageViewControllerUITests;
				PRODUCT_NAME = "$(TARGET_NAME)";
				SWIFT_EMIT_LOC_STRINGS = NO;
				SWIFT_VERSION = 5.0;
				TARGETED_DEVICE_FAMILY = "1,2";
				TEST_TARGET_NAME = PageViewController;
			};
			name = Release;
		};
/* End XCBuildConfiguration section */

/* Begin XCConfigurationList section */
		3CBAC2302BFB779F0073944E /* Build configuration list for PBXProject "PageViewController" */ = {
			isa = XCConfigurationList;
			buildConfigurations = (
				3CBAC25D2BFB77A00073944E /* Debug */,
				3CBAC25E2BFB77A00073944E /* Release */,
			);
			defaultConfigurationIsVisible = 0;
			defaultConfigurationName = Release;
		};
		3CBAC25F2BFB77A00073944E /* Build configuration list for PBXNativeTarget "PageViewController" */ = {
			isa = XCConfigurationList;
			buildConfigurations = (
				3CBAC2602BFB77A00073944E /* Debug */,
				3CBAC2612BFB77A00073944E /* Release */,
			);
			defaultConfigurationIsVisible = 0;
			defaultConfigurationName = Release;
		};
		3CBAC2622BFB77A00073944E /* Build configuration list for PBXNativeTarget "PageViewControllerTests" */ = {
			isa = XCConfigurationList;
			buildConfigurations = (
				3CBAC2632BFB77A00073944E /* Debug */,
				3CBAC2642BFB77A00073944E /* Release */,
			);
			defaultConfigurationIsVisible = 0;
			defaultConfigurationName = Release;
		};
		3CBAC2652BFB77A00073944E /* Build configuration list for PBXNativeTarget "PageViewControllerUITests" */ = {
			isa = XCConfigurationList;
			buildConfigurations = (
				3CBAC2662BFB77A00073944E /* Debug */,
				3CBAC2672BFB77A00073944E /* Release */,
			);
			defaultConfigurationIsVisible = 0;
			defaultConfigurationName = Release;
		};
/* End XCConfigurationList section */
	};
	rootObject = 3CBAC22D2BFB779F0073944E /* Project object */;
}
